
Microsoft Visual Studio Solution File, Format Version 12.00
# Visual Studio 2012
Project("{8BC9CEB8-8B4A-11D0-8D11-00A0C91BC942}") = "build.win", "build.win.vcxproj", "{B289D436-C335-492D-B4BC-142A5B68E91C}"
EndProject
Global
	GlobalSection(SolutionConfigurationPlatforms) = preSolution
		Debug|Win32 = Debug|Win32
		Release|Win32 = Release|Win32
	EndGlobalSection
	GlobalSection(ProjectConfigurationPlatforms) = postSolution
		{B289D436-C335-492D-B4BC-142A5B68E91C}.Debug|Win32.ActiveCfg = Debug|Win32
		{B289D436-C335-492D-B4BC-142A5B68E91C}.Debug|Win32.Build.0 = Debug|Win32
		{B289D436-C335-492D-B4BC-142A5B68E91C}.Release|Win32.ActiveCfg = Release|Win32
		{B289D436-C335-492D-B4BC-142A5B68E91C}.Release|Win32.Build.0 = Release|Win32
	EndGlobalSection
	GlobalSection(SolutionProperties) = preSolution
		HideSolutionNode = FALSE
	EndGlobalSection
EndGlobal
